NeoBundleLock colorizer 1d44ec9e10b6a9edb0cdf64dde59181e8c0ee2c1
NeoBundleLock emmet-vim 0ccaa29dbde268888be21705b0de5de89b59ef48
NeoBundleLock grep.vim 852ddb0c6590bbc41c508d7f5d2fc17112492def
NeoBundleLock localrc.vim 7a541bc3b762e61737f1525e49e3e7dcf333bca4
NeoBundleLock neobundle.vim f6db43267e86dde837c75d7ff202fea948848a11
NeoBundleLock neocomplete.vim 1977757ec425408d5dc1dfaa9c0ccb67a5c437bb
NeoBundleLock neosnippet da9806f8253a9f889f3a800dd78d8ce3389685d4
NeoBundleLock neosnippet-snippets a444952e7bfc1443815dde9ab72a2e2b843e5d20
NeoBundleLock nerdtree 4ebbb533c3faf2c480211db2b547972bb3b60f2b
NeoBundleLock syntastic 1f4846fecca79fa6a56f054d40761bd8c63a236f
NeoBundleLock titanium-vim 8c6a9be990e2a2ce5638d51e7bd813f888495a06
NeoBundleLock tsuquyomi 680028cf79d82a34fd680f669fc7ac4ffcb6b7c7
NeoBundleLock typescript-vim fa1efac6ce022fc307836d34828c6aff43481233
NeoBundleLock vim-airline ca6ab34e3ce2d25e5625fe56ef31d5032c69dbec
NeoBundleLock vim-ansible-yaml e13f66e8d78f780b663c3ac609975ecb6352fbb1
NeoBundleLock vim-fugitive fd36aa9c61e06d71befdbe8931f97137c489b065
NeoBundleLock vim-gitgutter f52f875fc7b25b601366bd6c0d67c53ad84f9559
NeoBundleLock vim-jade 999cd2859a7772de707a70afc97f5a7d41a82df9
NeoBundleLock vim-javascript 1d8c2677d26d6b3950b90dc1636e63334c8efc3b
NeoBundleLock vim-jsx db329e121e281b79f19fc81ca641cf3a6209d8d2
NeoBundleLock vim-quickrun da5328d0aec495e4dc25232fd769a8a2e56d8f7d
NeoBundleLock vimproc.vim aa075b9b56839e1adb08421d2e9837f90e59acad
NeoBundleLock vimshell a5b3d99ba84e76cf94195c37ab762aef5f7b6e25
