NeoBundleLock colorizer 5687a2e527b8a8bf15d162deffd2071f36513ba7
NeoBundleLock grep.vim 852ddb0c6590bbc41c508d7f5d2fc17112492def
NeoBundleLock localrc.vim 7a541bc3b762e61737f1525e49e3e7dcf333bca4
NeoBundleLock neobundle.vim b8faeb84baccc335f67f59672d7323ec5d14a997
NeoBundleLock neocomplcache 778181767467b8f8016828898779a646074d883a
NeoBundleLock neosnippet 1617094a8c9df36d9a505f533b3a2efa44039412
NeoBundleLock neosnippet-snippets 7bc1674170670a4c43f7f4fc65e0e396759512ea
NeoBundleLock nerdtree bcf3de4fdffae45fc7c85b6b84a01b37177924aa
NeoBundleLock syntastic 1be907716e4940d2387545e3e42b6411c9c58a6c
NeoBundleLock titanium-vim 8c6a9be990e2a2ce5638d51e7bd813f888495a06
NeoBundleLock vim-airline cdc6d98a09db60d3dda58815616f78338cbdaa9d
NeoBundleLock vim-ansible-yaml ec9a799e49a51035456d1d49abdbbd351bf8a7f2
NeoBundleLock vim-fugitive b319b694539017dcd789dc2c42f784a30d7b28b8
NeoBundleLock vim-gitgutter 1067294cdc379be1deb56074a093b49a8303308f
NeoBundleLock vim-jade fb47bb8303e81fc17b4340ccd01a462332f7d90a
NeoBundleLock vim-javascript bab4f3944fb6ef0953991ddfb6c734219c95b83a
NeoBundleLock vim-jsx 82773e7be94c558c2de6bc1e84054c3915a70cb3
NeoBundleLock vim-quickrun ec9f7f2c26dd49ffaf4f3ce8c6254c76696fbf41
NeoBundleLock vimshell a1f9a2010bea4b109341f1e2411a32839a8547b3
