NeoBundleLock colorizer 9d6dc32e6ec17615f9c0b286a989931db0f67542
NeoBundleLock emmet-vim 02f5a2ec81e82d77920188860c51a05e95f55641
NeoBundleLock grep.vim 852ddb0c6590bbc41c508d7f5d2fc17112492def
NeoBundleLock localrc.vim 7a541bc3b762e61737f1525e49e3e7dcf333bca4
NeoBundleLock neobundle.vim 380d9d299300019c0a9970ae6b87faabedab0747
NeoBundleLock neocomplete.vim 81d39635625730ca43f08762e2908b96e7b7f077
NeoBundleLock neosnippet 9eac227835317d2fad9ae9b816590ce33a3ab7c4
NeoBundleLock neosnippet-snippets dbce664a473e2344d2cc4e494fb5e408452646e2
NeoBundleLock nerdtree 15445be5fb2559829ac7a1f05af5d713586e8ec9
NeoBundleLock syntastic 6e467b89302bd1446c30d5d9896704c8e139ff88
NeoBundleLock tcomment_vim d2df45fdf66f33ae7e267d45846aece6ea82ae66
NeoBundleLock titanium-vim 8c6a9be990e2a2ce5638d51e7bd813f888495a06
NeoBundleLock tsuquyomi a5571cc370b1d9b9cdd9a616123042145dc23e36
NeoBundleLock typescript-vim 122c5a48c37decd184528a6bf1152315d8ebfd98
NeoBundleLock vim-airline 64f06309b1c8e50d0214b62012978fab9cdef456
NeoBundleLock vim-ansible-yaml e13f66e8d78f780b663c3ac609975ecb6352fbb1
NeoBundleLock vim-fugitive 3439f999b138254e4bb56187fc91f91f545b4b12
NeoBundleLock vim-gitgutter f8da1fd6dbd558ebcc743bd7f91d35d6ca8db56a
NeoBundleLock vim-glsl 6ea4e1983b18cf440c8f800a3e94b57338a3e99f
NeoBundleLock vim-jade 0a7ec2edaa3f7fbe353f8fd5bf06d3c043d70c81
NeoBundleLock vim-javascript 0f0e4a7259de3cf24be0364510d9ae4c291ec917
NeoBundleLock vim-jsx d0ad98cf0e5a01abd5008c0e97775500b88b0bc1
NeoBundleLock vim-quickrun 3bdd13cc577b58a90d7964f2fe4446b2e65ea77a
NeoBundleLock vimproc.vim 0ff17bc0725cd0323df87664fa02b1436349f667
NeoBundleLock vimshell 871a4a251469b5cb0eab0e124fd14900d3c25c2b
